
Microsoft Visual Studio Solution File, Format Version 12.00
# Visual Studio Version 17
VisualStudioVersion = 17.7.34031.279
MinimumVisualStudioVersion = 10.0.40219.1
Project("{FAE04EC0-301F-11D3-BF4B-00C04F79EFBC}") = "ChatGptDev2", "ChatGptDev2\ChatGptDev2.csproj", "{DED67EE7-BA98-41A8-8612-FBFAA9E8E243}"
EndProject
Global
	GlobalSection(SolutionConfigurationPlatforms) = preSolution
		Debug|Any CPU = Debug|Any CPU
		Release|Any CPU = Release|Any CPU
	EndGlobalSection
	GlobalSection(ProjectConfigurationPlatforms) = postSolution
		{DED67EE7-BA98-41A8-8612-FBFAA9E8E243}.Debug|Any CPU.ActiveCfg = Debug|Any CPU
		{DED67EE7-BA98-41A8-8612-FBFAA9E8E243}.Debug|Any CPU.Build.0 = Debug|Any CPU
		{DED67EE7-BA98-41A8-8612-FBFAA9E8E243}.Release|Any CPU.ActiveCfg = Release|Any CPU
		{DED67EE7-BA98-41A8-8612-FBFAA9E8E243}.Release|Any CPU.Build.0 = Release|Any CPU
	EndGlobalSection
	GlobalSection(SolutionProperties) = preSolution
		HideSolutionNode = FALSE
	EndGlobalSection
	GlobalSection(ExtensibilityGlobals) = postSolution
		SolutionGuid = {B5F92F14-B752-4B13-90D6-D61C7ED628A5}
	EndGlobalSection
EndGlobal
